
Microsoft Visual Studio Solution File, Format Version 12.00
# Visual Studio 14
VisualStudioVersion = 14.0.24720.0
MinimumVisualStudioVersion = 10.0.40219.1
Project("{8BC9CEB8-8B4A-11D0-8D11-00A0C91BC942}") = "rendering-engine", "rendering-engine\rendering-engine.vcxproj", "{9E1E4780-5FF9-4485-8915-99C1ABDAEB18}"
EndProject
Project("{8BC9CEB8-8B4A-11D0-8D11-00A0C91BC942}") = "opengl3.3-backend", "opengl3.3-backend\opengl3.3-backend.vcxproj", "{903FA041-E7DC-4741-B4D0-BE3D6CEBBF9A}"
EndProject
Project("{2150E333-8FDC-42A3-9474-1A3956D46DE8}") = "unit-tests", "unit-tests", "{DBB9DFE5-CC35-47AB-8CAC-6D420DF47B34}"
EndProject
Project("{8BC9CEB8-8B4A-11D0-8D11-00A0C91BC942}") = "mock-backend", "mock-backend\mock-backend.vcxproj", "{9755AA42-2139-4238-B110-D8E258496C6A}"
	ProjectSection(ProjectDependencies) = postProject
		{9E1E4780-5FF9-4485-8915-99C1ABDAEB18} = {9E1E4780-5FF9-4485-8915-99C1ABDAEB18}
	EndProjectSection
EndProject
Project("{8BC9CEB8-8B4A-11D0-8D11-00A0C91BC942}") = "re-unit-tests", "re-unit-tests\re-unit-tests.vcxproj", "{8DAA33CD-B270-4878-8C06-2550AC828B9C}"
	ProjectSection(ProjectDependencies) = postProject
		{9755AA42-2139-4238-B110-D8E258496C6A} = {9755AA42-2139-4238-B110-D8E258496C6A}
		{9E1E4780-5FF9-4485-8915-99C1ABDAEB18} = {9E1E4780-5FF9-4485-8915-99C1ABDAEB18}
	EndProjectSection
EndProject
Project("{8BC9CEB8-8B4A-11D0-8D11-00A0C91BC942}") = "relacy-test", "relacy-test\relacy-test.vcxproj", "{EAC8C724-CDDC-40F9-A148-1A6303F6FE0F}"
EndProject
Global
	GlobalSection(SolutionConfigurationPlatforms) = preSolution
		Debug|x64 = Debug|x64
		Debug|x86 = Debug|x86
		Release|x64 = Release|x64
		Release|x86 = Release|x86
	EndGlobalSection
	GlobalSection(ProjectConfigurationPlatforms) = postSolution
		{9E1E4780-5FF9-4485-8915-99C1ABDAEB18}.Debug|x64.ActiveCfg = Debug|x64
		{9E1E4780-5FF9-4485-8915-99C1ABDAEB18}.Debug|x64.Build.0 = Debug|x64
		{9E1E4780-5FF9-4485-8915-99C1ABDAEB18}.Debug|x86.ActiveCfg = Debug|Win32
		{9E1E4780-5FF9-4485-8915-99C1ABDAEB18}.Debug|x86.Build.0 = Debug|Win32
		{9E1E4780-5FF9-4485-8915-99C1ABDAEB18}.Release|x64.ActiveCfg = Release|x64
		{9E1E4780-5FF9-4485-8915-99C1ABDAEB18}.Release|x64.Build.0 = Release|x64
		{9E1E4780-5FF9-4485-8915-99C1ABDAEB18}.Release|x86.ActiveCfg = Release|Win32
		{9E1E4780-5FF9-4485-8915-99C1ABDAEB18}.Release|x86.Build.0 = Release|Win32
		{903FA041-E7DC-4741-B4D0-BE3D6CEBBF9A}.Debug|x64.ActiveCfg = Debug|x64
		{903FA041-E7DC-4741-B4D0-BE3D6CEBBF9A}.Debug|x64.Build.0 = Debug|x64
		{903FA041-E7DC-4741-B4D0-BE3D6CEBBF9A}.Debug|x86.ActiveCfg = Debug|Win32
		{903FA041-E7DC-4741-B4D0-BE3D6CEBBF9A}.Debug|x86.Build.0 = Debug|Win32
		{903FA041-E7DC-4741-B4D0-BE3D6CEBBF9A}.Release|x64.ActiveCfg = Release|x64
		{903FA041-E7DC-4741-B4D0-BE3D6CEBBF9A}.Release|x64.Build.0 = Release|x64
		{903FA041-E7DC-4741-B4D0-BE3D6CEBBF9A}.Release|x86.ActiveCfg = Release|Win32
		{903FA041-E7DC-4741-B4D0-BE3D6CEBBF9A}.Release|x86.Build.0 = Release|Win32
		{9755AA42-2139-4238-B110-D8E258496C6A}.Debug|x64.ActiveCfg = Debug|x64
		{9755AA42-2139-4238-B110-D8E258496C6A}.Debug|x64.Build.0 = Debug|x64
		{9755AA42-2139-4238-B110-D8E258496C6A}.Debug|x86.ActiveCfg = Debug|Win32
		{9755AA42-2139-4238-B110-D8E258496C6A}.Debug|x86.Build.0 = Debug|Win32
		{9755AA42-2139-4238-B110-D8E258496C6A}.Release|x64.ActiveCfg = Release|x64
		{9755AA42-2139-4238-B110-D8E258496C6A}.Release|x64.Build.0 = Release|x64
		{9755AA42-2139-4238-B110-D8E258496C6A}.Release|x86.ActiveCfg = Release|Win32
		{9755AA42-2139-4238-B110-D8E258496C6A}.Release|x86.Build.0 = Release|Win32
		{8DAA33CD-B270-4878-8C06-2550AC828B9C}.Debug|x64.ActiveCfg = Debug|x64
		{8DAA33CD-B270-4878-8C06-2550AC828B9C}.Debug|x64.Build.0 = Debug|x64
		{8DAA33CD-B270-4878-8C06-2550AC828B9C}.Debug|x86.ActiveCfg = Debug|Win32
		{8DAA33CD-B270-4878-8C06-2550AC828B9C}.Debug|x86.Build.0 = Debug|Win32
		{8DAA33CD-B270-4878-8C06-2550AC828B9C}.Release|x64.ActiveCfg = Release|x64
		{8DAA33CD-B270-4878-8C06-2550AC828B9C}.Release|x64.Build.0 = Release|x64
		{8DAA33CD-B270-4878-8C06-2550AC828B9C}.Release|x86.ActiveCfg = Release|Win32
		{8DAA33CD-B270-4878-8C06-2550AC828B9C}.Release|x86.Build.0 = Release|Win32
		{EAC8C724-CDDC-40F9-A148-1A6303F6FE0F}.Debug|x64.ActiveCfg = Debug|x64
		{EAC8C724-CDDC-40F9-A148-1A6303F6FE0F}.Debug|x64.Build.0 = Debug|x64
		{EAC8C724-CDDC-40F9-A148-1A6303F6FE0F}.Debug|x86.ActiveCfg = Debug|Win32
		{EAC8C724-CDDC-40F9-A148-1A6303F6FE0F}.Debug|x86.Build.0 = Debug|Win32
		{EAC8C724-CDDC-40F9-A148-1A6303F6FE0F}.Release|x64.ActiveCfg = Release|x64
		{EAC8C724-CDDC-40F9-A148-1A6303F6FE0F}.Release|x64.Build.0 = Release|x64
		{EAC8C724-CDDC-40F9-A148-1A6303F6FE0F}.Release|x86.ActiveCfg = Release|Win32
		{EAC8C724-CDDC-40F9-A148-1A6303F6FE0F}.Release|x86.Build.0 = Release|Win32
	EndGlobalSection
	GlobalSection(SolutionProperties) = preSolution
		HideSolutionNode = FALSE
	EndGlobalSection
	GlobalSection(NestedProjects) = preSolution
		{9755AA42-2139-4238-B110-D8E258496C6A} = {DBB9DFE5-CC35-47AB-8CAC-6D420DF47B34}
		{8DAA33CD-B270-4878-8C06-2550AC828B9C} = {DBB9DFE5-CC35-47AB-8CAC-6D420DF47B34}
		{EAC8C724-CDDC-40F9-A148-1A6303F6FE0F} = {DBB9DFE5-CC35-47AB-8CAC-6D420DF47B34}
	EndGlobalSection
EndGlobal
